<?xml version="1.0" encoding="utf-8"?>
<Project ToolsVersion="4.0" xmlns="http://schemas.microsoft.com/developer/msbuild/2003">
  <ItemGroup>
    <Filter Include="src">
      <UniqueIdentifier>{4FC737F1-C7A5-4376-A066-2A32D752A2FF}</UniqueIdentifier>
      <Extensions>cpp;c;cc;cxx;c++;cppm;ixx;def;odl;idl;hpj;bat;asm;asmx</Extensions>
    </Filter>
    <Filter Include="src\core">
      <UniqueIdentifier>{73181056-808c-4e92-ad7f-508444471482}</UniqueIdentifier>
    </Filter>
    <Filter Include="src\logging">
      <UniqueIdentifier>{6e662067-782a-4ff6-8ed4-1b1db2a37dc7}</UniqueIdentifier>
    </Filter>
  </ItemGroup>
  <ItemGroup>
    <ClInclude Include="src\logging\hooks.hpp">
      <Filter>src\logging</Filter>
    </ClInclude>
    <ClInclude Include="src\logging\tools.hpp">
      <Filter>src\logging</Filter>
    </ClInclude>
    <ClInclude Include="src\core\pch.hpp">
      <Filter>src\core</Filter>
    </ClInclude>
  </ItemGroup>
  <ItemGroup>
    <ClCompile Include="src\core\dllmain.cpp">
      <Filter>src\core</Filter>
    </ClCompile>
    <ClCompile Include="src\core\pch.cpp">
      <Filter>src\core</Filter>
    </ClCompile>
    <ClCompile Include="src\logging\hooks.cpp">
      <Filter>src\logging</Filter>
    </ClCompile>
    <ClCompile Include="src\logging\tools.cpp">
      <Filter>src\logging</Filter>
    </ClCompile>
  </ItemGroup>
</Project>